// !$*UTF8*$!
{
	archiveVersion = 1;
	classes = {
	};
	objectVersion = 51;
	objects = {

/* Begin PBXBuildFile section */
		39EB395DAB7F66D4B2B7C608 /* Pods_mvvmArcTests.framework in Frameworks */ = {isa = PBXBuildFile; fileRef = CC56822DCB1DFCCDE18876C0 /* Pods_mvvmArcTests.framework */; };
		8A0D8D250DB132C0E3FE93C4 /* Pods_mvvmArc.framework in Frameworks */ = {isa = PBXBuildFile; fileRef = 8275E73644D3400D97EFF1A1 /* Pods_mvvmArc.framework */; };
		A9660F69264180AB006B2097 /* AppDelegate.swift in Sources */ = {isa = PBXBuildFile; fileRef = A9660F68264180AB006B2097 /* AppDelegate.swift */; };
		A9660F6D264180AB006B2097 /* AuthenticationViewController.swift in Sources */ = {isa = PBXBuildFile; fileRef = A9660F6C264180AB006B2097 /* AuthenticationViewController.swift */; };
		A9660F72264180AE006B2097 /* Assets.xcassets in Resources */ = {isa = PBXBuildFile; fileRef = A9660F71264180AE006B2097 /* Assets.xcassets */; };
		A9660F75264180AE006B2097 /* LaunchScreen.storyboard in Resources */ = {isa = PBXBuildFile; fileRef = A9660F73264180AE006B2097 /* LaunchScreen.storyboard */; };
		A9660F8726441DC5006B2097 /* Observable.swift in Sources */ = {isa = PBXBuildFile; fileRef = A9660F8626441DC5006B2097 /* Observable.swift */; };
		A9660F892644258E006B2097 /* AuthenticationUseCase.swift in Sources */ = {isa = PBXBuildFile; fileRef = A9660F882644258E006B2097 /* AuthenticationUseCase.swift */; };
		A9660F8B264425B5006B2097 /* AuthenticationRepository.swift in Sources */ = {isa = PBXBuildFile; fileRef = A9660F8A264425B5006B2097 /* AuthenticationRepository.swift */; };
		A9660F8D26442ACA006B2097 /* AuthenticationViewModel.swift in Sources */ = {isa = PBXBuildFile; fileRef = A9660F8C26442ACA006B2097 /* AuthenticationViewModel.swift */; };
		A9660F8F26446058006B2097 /* Coordinator.swift in Sources */ = {isa = PBXBuildFile; fileRef = A9660F8E26446058006B2097 /* Coordinator.swift */; };
		A9660F91264460AD006B2097 /* AuthenticationCoordinator.swift in Sources */ = {isa = PBXBuildFile; fileRef = A9660F90264460AD006B2097 /* AuthenticationCoordinator.swift */; };
		A9660F9D2645B309006B2097 /* mvvmArcTests.swift in Sources */ = {isa = PBXBuildFile; fileRef = A9660F9C2645B309006B2097 /* mvvmArcTests.swift */; };
		A9660FAE2645B811006B2097 /* AuthenticationViewModelTests.swift in Sources */ = {isa = PBXBuildFile; fileRef = A9660FAD2645B811006B2097 /* AuthenticationViewModelTests.swift */; };
		A96A20972652E8E600DA237A /* ButtonView.swift in Sources */ = {isa = PBXBuildFile; fileRef = A96A20962652E8E600DA237A /* ButtonView.swift */; };
		A96A20A72654526100DA237A /* TextFieldView.swift in Sources */ = {isa = PBXBuildFile; fileRef = A96A20A62654526100DA237A /* TextFieldView.swift */; };
		A992CACE264F0CC700BE3270 /* AuthenticationView.swift in Sources */ = {isa = PBXBuildFile; fileRef = A992CACD264F0CC700BE3270 /* AuthenticationView.swift */; };
/* End PBXBuildFile section */

/* Begin PBXContainerItemProxy section */
		A9660F9F2645B309006B2097 /* PBXContainerItemProxy */ = {
			isa = PBXContainerItemProxy;
			containerPortal = A9660F5D264180AB006B2097 /* Project object */;
			proxyType = 1;
			remoteGlobalIDString = A9660F64264180AB006B2097;
			remoteInfo = mvvmArc;
		};
/* End PBXContainerItemProxy section */

/* Begin PBXFileReference section */
		147FB88A334982A15C00B5EB /* Pods-mvvmArcTests.debug.xcconfig */ = {isa = PBXFileReference; includeInIndex = 1; lastKnownFileType = text.xcconfig; name = "Pods-mvvmArcTests.debug.xcconfig"; path = "Target Support Files/Pods-mvvmArcTests/Pods-mvvmArcTests.debug.xcconfig"; sourceTree = "<group>"; };
		4B387A8616BB38E24E24BF4D /* Pods-mvvmArc.release.xcconfig */ = {isa = PBXFileReference; includeInIndex = 1; lastKnownFileType = text.xcconfig; name = "Pods-mvvmArc.release.xcconfig"; path = "Target Support Files/Pods-mvvmArc/Pods-mvvmArc.release.xcconfig"; sourceTree = "<group>"; };
		73F5B3614F7DD74D053F8AD3 /* Pods-mvvmArcTests.release.xcconfig */ = {isa = PBXFileReference; includeInIndex = 1; lastKnownFileType = text.xcconfig; name = "Pods-mvvmArcTests.release.xcconfig"; path = "Target Support Files/Pods-mvvmArcTests/Pods-mvvmArcTests.release.xcconfig"; sourceTree = "<group>"; };
		8275E73644D3400D97EFF1A1 /* Pods_mvvmArc.framework */ = {isa = PBXFileReference; explicitFileType = wrapper.framework; includeInIndex = 0; path = Pods_mvvmArc.framework; sourceTree = BUILT_PRODUCTS_DIR; };
		A9660F65264180AB006B2097 /* mvvmArc.app */ = {isa = PBXFileReference; explicitFileType = wrapper.application; includeInIndex = 0; path = mvvmArc.app; sourceTree = BUILT_PRODUCTS_DIR; };
		A9660F68264180AB006B2097 /* AppDelegate.swift */ = {isa = PBXFileReference; lastKnownFileType = sourcecode.swift; path = AppDelegate.swift; sourceTree = "<group>"; };
		A9660F6C264180AB006B2097 /* AuthenticationViewController.swift */ = {isa = PBXFileReference; lastKnownFileType = sourcecode.swift; path = AuthenticationViewController.swift; sourceTree = "<group>"; };
		A9660F71264180AE006B2097 /* Assets.xcassets */ = {isa = PBXFileReference; lastKnownFileType = folder.assetcatalog; path = Assets.xcassets; sourceTree = "<group>"; };
		A9660F74264180AE006B2097 /* Base */ = {isa = PBXFileReference; lastKnownFileType = file.storyboard; name = Base; path = Base.lproj/LaunchScreen.storyboard; sourceTree = "<group>"; };
		A9660F76264180AE006B2097 /* Info.plist */ = {isa = PBXFileReference; lastKnownFileType = text.plist.xml; path = Info.plist; sourceTree = "<group>"; };
		A9660F8626441DC5006B2097 /* Observable.swift */ = {isa = PBXFileReference; lastKnownFileType = sourcecode.swift; path = Observable.swift; sourceTree = "<group>"; };
		A9660F882644258E006B2097 /* AuthenticationUseCase.swift */ = {isa = PBXFileReference; lastKnownFileType = sourcecode.swift; path = AuthenticationUseCase.swift; sourceTree = "<group>"; };
		A9660F8A264425B5006B2097 /* AuthenticationRepository.swift */ = {isa = PBXFileReference; lastKnownFileType = sourcecode.swift; path = AuthenticationRepository.swift; sourceTree = "<group>"; };
		A9660F8C26442ACA006B2097 /* AuthenticationViewModel.swift */ = {isa = PBXFileReference; lastKnownFileType = sourcecode.swift; path = AuthenticationViewModel.swift; sourceTree = "<group>"; };
		A9660F8E26446058006B2097 /* Coordinator.swift */ = {isa = PBXFileReference; lastKnownFileType = sourcecode.swift; path = Coordinator.swift; sourceTree = "<group>"; };
		A9660F90264460AD006B2097 /* AuthenticationCoordinator.swift */ = {isa = PBXFileReference; lastKnownFileType = sourcecode.swift; path = AuthenticationCoordinator.swift; sourceTree = "<group>"; };
		A9660F9A2645B309006B2097 /* mvvmArcTests.xctest */ = {isa = PBXFileReference; explicitFileType = wrapper.cfbundle; includeInIndex = 0; path = mvvmArcTests.xctest; sourceTree = BUILT_PRODUCTS_DIR; };
		A9660F9C2645B309006B2097 /* mvvmArcTests.swift */ = {isa = PBXFileReference; lastKnownFileType = sourcecode.swift; path = mvvmArcTests.swift; sourceTree = "<group>"; };
		A9660F9E2645B309006B2097 /* Info.plist */ = {isa = PBXFileReference; lastKnownFileType = text.plist.xml; path = Info.plist; sourceTree = "<group>"; };
		A9660FAD2645B811006B2097 /* AuthenticationViewModelTests.swift */ = {isa = PBXFileReference; lastKnownFileType = sourcecode.swift; path = AuthenticationViewModelTests.swift; sourceTree = "<group>"; };
		A96A20962652E8E600DA237A /* ButtonView.swift */ = {isa = PBXFileReference; lastKnownFileType = sourcecode.swift; path = ButtonView.swift; sourceTree = "<group>"; };
		A96A20A62654526100DA237A /* TextFieldView.swift */ = {isa = PBXFileReference; lastKnownFileType = sourcecode.swift; path = TextFieldView.swift; sourceTree = "<group>"; };
		A992CACD264F0CC700BE3270 /* AuthenticationView.swift */ = {isa = PBXFileReference; lastKnownFileType = sourcecode.swift; path = AuthenticationView.swift; sourceTree = "<group>"; };
		CC56822DCB1DFCCDE18876C0 /* Pods_mvvmArcTests.framework */ = {isa = PBXFileReference; explicitFileType = wrapper.framework; includeInIndex = 0; path = Pods_mvvmArcTests.framework; sourceTree = BUILT_PRODUCTS_DIR; };
		EB58A4D700CFA70CBB866218 /* Pods-mvvmArc.debug.xcconfig */ = {isa = PBXFileReference; includeInIndex = 1; lastKnownFileType = text.xcconfig; name = "Pods-mvvmArc.debug.xcconfig"; path = "Target Support Files/Pods-mvvmArc/Pods-mvvmArc.debug.xcconfig"; sourceTree = "<group>"; };
/* End PBXFileReference section */

/* Begin PBXFrameworksBuildPhase section */
		A9660F62264180AB006B2097 /* Frameworks */ = {
			isa = PBXFrameworksBuildPhase;
			buildActionMask = 2147483647;
			files = (
				8A0D8D250DB132C0E3FE93C4 /* Pods_mvvmArc.framework in Frameworks */,
			);
			runOnlyForDeploymentPostprocessing = 0;
		};
		A9660F972645B309006B2097 /* Frameworks */ = {
			isa = PBXFrameworksBuildPhase;
			buildActionMask = 2147483647;
			files = (
				39EB395DAB7F66D4B2B7C608 /* Pods_mvvmArcTests.framework in Frameworks */,
			);
			runOnlyForDeploymentPostprocessing = 0;
		};
/* End PBXFrameworksBuildPhase section */

/* Begin PBXGroup section */
		3C15639B53AF658539CD4315 /* Pods */ = {
			isa = PBXGroup;
			children = (
				EB58A4D700CFA70CBB866218 /* Pods-mvvmArc.debug.xcconfig */,
				4B387A8616BB38E24E24BF4D /* Pods-mvvmArc.release.xcconfig */,
				147FB88A334982A15C00B5EB /* Pods-mvvmArcTests.debug.xcconfig */,
				73F5B3614F7DD74D053F8AD3 /* Pods-mvvmArcTests.release.xcconfig */,
			);
			path = Pods;
			sourceTree = "<group>";
		};
		A9660F5C264180AB006B2097 = {
			isa = PBXGroup;
			children = (
				A9660F67264180AB006B2097 /* mvvmArc */,
				A9660F9B2645B309006B2097 /* mvvmArcTests */,
				A9660F66264180AB006B2097 /* Products */,
				3C15639B53AF658539CD4315 /* Pods */,
				FD60484DB8CB4B69F2F92DD4 /* Frameworks */,
			);
			sourceTree = "<group>";
		};
		A9660F66264180AB006B2097 /* Products */ = {
			isa = PBXGroup;
			children = (
				A9660F65264180AB006B2097 /* mvvmArc.app */,
				A9660F9A2645B309006B2097 /* mvvmArcTests.xctest */,
			);
			name = Products;
			sourceTree = "<group>";
		};
		A9660F67264180AB006B2097 /* mvvmArc */ = {
			isa = PBXGroup;
			children = (
				A9660F8526441DBC006B2097 /* Commom */,
				A9660F7C2641DB4E006B2097 /* Authentication */,
				A9660F68264180AB006B2097 /* AppDelegate.swift */,
				A9660F71264180AE006B2097 /* Assets.xcassets */,
				A9660F73264180AE006B2097 /* LaunchScreen.storyboard */,
				A9660F76264180AE006B2097 /* Info.plist */,
			);
			path = mvvmArc;
			sourceTree = "<group>";
		};
		A9660F7C2641DB4E006B2097 /* Authentication */ = {
			isa = PBXGroup;
			children = (
				A9660F7F2641DB66006B2097 /* Data */,
				A9660F7E2641DB62006B2097 /* Domain */,
				A9660F7D2641DB5B006B2097 /* Presentation */,
			);
			path = Authentication;
			sourceTree = "<group>";
		};
		A9660F7D2641DB5B006B2097 /* Presentation */ = {
			isa = PBXGroup;
			children = (
				A9660F842641DBC3006B2097 /* Coordinator */,
				A9660F812641DB7E006B2097 /* ViewModel */,
				A9660F802641DB7A006B2097 /* View */,
			);
			path = Presentation;
			sourceTree = "<group>";
		};
		A9660F7E2641DB62006B2097 /* Domain */ = {
			isa = PBXGroup;
			children = (
				A9660F822641DB86006B2097 /* UseCase */,
			);
			path = Domain;
			sourceTree = "<group>";
		};
		A9660F7F2641DB66006B2097 /* Data */ = {
			isa = PBXGroup;
			children = (
				A9660F832641DB8B006B2097 /* Repository */,
			);
			path = Data;
			sourceTree = "<group>";
		};
		A9660F802641DB7A006B2097 /* View */ = {
			isa = PBXGroup;
			children = (
				A9660F6C264180AB006B2097 /* AuthenticationViewController.swift */,
				A992CACD264F0CC700BE3270 /* AuthenticationView.swift */,
				A96A20962652E8E600DA237A /* ButtonView.swift */,
				A96A20A62654526100DA237A /* TextFieldView.swift */,
			);
			path = View;
			sourceTree = "<group>";
		};
		A9660F812641DB7E006B2097 /* ViewModel */ = {
			isa = PBXGroup;
			children = (
				A9660F8C26442ACA006B2097 /* AuthenticationViewModel.swift */,
			);
			path = ViewModel;
			sourceTree = "<group>";
		};
		A9660F822641DB86006B2097 /* UseCase */ = {
			isa = PBXGroup;
			children = (
				A9660F882644258E006B2097 /* AuthenticationUseCase.swift */,
			);
			path = UseCase;
			sourceTree = "<group>";
		};
		A9660F832641DB8B006B2097 /* Repository */ = {
			isa = PBXGroup;
			children = (
				A9660F8A264425B5006B2097 /* AuthenticationRepository.swift */,
			);
			path = Repository;
			sourceTree = "<group>";
		};
		A9660F842641DBC3006B2097 /* Coordinator */ = {
			isa = PBXGroup;
			children = (
				A9660F90264460AD006B2097 /* AuthenticationCoordinator.swift */,
			);
			path = Coordinator;
			sourceTree = "<group>";
		};
		A9660F8526441DBC006B2097 /* Commom */ = {
			isa = PBXGroup;
			children = (
				A9660F8626441DC5006B2097 /* Observable.swift */,
				A9660F8E26446058006B2097 /* Coordinator.swift */,
			);
			path = Commom;
			sourceTree = "<group>";
		};
		A9660F9B2645B309006B2097 /* mvvmArcTests */ = {
			isa = PBXGroup;
			children = (
				A9660FA42645B333006B2097 /* AuthenticationTests */,
				A9660F9C2645B309006B2097 /* mvvmArcTests.swift */,
				A9660F9E2645B309006B2097 /* Info.plist */,
			);
			path = mvvmArcTests;
			sourceTree = "<group>";
		};
		A9660FA42645B333006B2097 /* AuthenticationTests */ = {
			isa = PBXGroup;
			children = (
				A9660FAA2645B7E1006B2097 /* Data */,
				A9660FA92645B7DC006B2097 /* Domain */,
				A9660FA62645B7C4006B2097 /* Presentation */,
			);
			path = AuthenticationTests;
			sourceTree = "<group>";
		};
		A9660FA62645B7C4006B2097 /* Presentation */ = {
			isa = PBXGroup;
			children = (
				A9660FA82645B7D8006B2097 /* View */,
				A9660FA72645B7CF006B2097 /* ViewModel */,
			);
			path = Presentation;
			sourceTree = "<group>";
		};
		A9660FA72645B7CF006B2097 /* ViewModel */ = {
			isa = PBXGroup;
			children = (
				A9660FAD2645B811006B2097 /* AuthenticationViewModelTests.swift */,
			);
			path = ViewModel;
			sourceTree = "<group>";
		};
		A9660FA82645B7D8006B2097 /* View */ = {
			isa = PBXGroup;
			children = (
			);
			path = View;
			sourceTree = "<group>";
		};
		A9660FA92645B7DC006B2097 /* Domain */ = {
			isa = PBXGroup;
			children = (
				A9660FAB2645B7E9006B2097 /* UseCase */,
			);
			path = Domain;
			sourceTree = "<group>";
		};
		A9660FAA2645B7E1006B2097 /* Data */ = {
			isa = PBXGroup;
			children = (
				A9660FAC2645B7F4006B2097 /* Repository */,
			);
			path = Data;
			sourceTree = "<group>";
		};
		A9660FAB2645B7E9006B2097 /* UseCase */ = {
			isa = PBXGroup;
			children = (
			);
			path = UseCase;
			sourceTree = "<group>";
		};
		A9660FAC2645B7F4006B2097 /* Repository */ = {
			isa = PBXGroup;
			children = (
			);
			path = Repository;
			sourceTree = "<group>";
		};
		FD60484DB8CB4B69F2F92DD4 /* Frameworks */ = {
			isa = PBXGroup;
			children = (
				8275E73644D3400D97EFF1A1 /* Pods_mvvmArc.framework */,
				CC56822DCB1DFCCDE18876C0 /* Pods_mvvmArcTests.framework */,
			);
			name = Frameworks;
			sourceTree = "<group>";
		};
/* End PBXGroup section */

/* Begin PBXNativeTarget section */
		A9660F64264180AB006B2097 /* mvvmArc */ = {
			isa = PBXNativeTarget;
			buildConfigurationList = A9660F79264180AE006B2097 /* Build configuration list for PBXNativeTarget "mvvmArc" */;
			buildPhases = (
				CDBBA25A62B17F6E9C32B7DF /* [CP] Check Pods Manifest.lock */,
				A9660F61264180AB006B2097 /* Sources */,
				A9660F62264180AB006B2097 /* Frameworks */,
				A9660F63264180AB006B2097 /* Resources */,
				E8044E5589B19F7C1851EBEA /* [CP] Embed Pods Frameworks */,
			);
			buildRules = (
			);
			dependencies = (
			);
			name = mvvmArc;
			productName = mvvmArc;
			productReference = A9660F65264180AB006B2097 /* mvvmArc.app */;
			productType = "com.apple.product-type.application";
		};
		A9660F992645B309006B2097 /* mvvmArcTests */ = {
			isa = PBXNativeTarget;
			buildConfigurationList = A9660FA12645B309006B2097 /* Build configuration list for PBXNativeTarget "mvvmArcTests" */;
			buildPhases = (
				9A6CBE20B4BC9AD42A25289B /* [CP] Check Pods Manifest.lock */,
				A9660F962645B309006B2097 /* Sources */,
				A9660F972645B309006B2097 /* Frameworks */,
				A9660F982645B309006B2097 /* Resources */,
			);
			buildRules = (
			);
			dependencies = (
				A9660FA02645B309006B2097 /* PBXTargetDependency */,
			);
			name = mvvmArcTests;
			productName = mvvmArcTests;
			productReference = A9660F9A2645B309006B2097 /* mvvmArcTests.xctest */;
			productType = "com.apple.product-type.bundle.unit-test";
		};
/* End PBXNativeTarget section */

/* Begin PBXProject section */
		A9660F5D264180AB006B2097 /* Project object */ = {
			isa = PBXProject;
			attributes = {
				LastSwiftUpdateCheck = 1250;
				LastUpgradeCheck = 1250;
				TargetAttributes = {
					A9660F64264180AB006B2097 = {
						CreatedOnToolsVersion = 12.5;
					};
					A9660F992645B309006B2097 = {
						CreatedOnToolsVersion = 12.5;
						TestTargetID = A9660F64264180AB006B2097;
					};
				};
			};
			buildConfigurationList = A9660F60264180AB006B2097 /* Build configuration list for PBXProject "mvvmArc" */;
			compatibilityVersion = "Xcode 9.3";
			developmentRegion = en;
			hasScannedForEncodings = 0;
			knownRegions = (
				en,
				Base,
			);
			mainGroup = A9660F5C264180AB006B2097;
			productRefGroup = A9660F66264180AB006B2097 /* Products */;
			projectDirPath = "";
			projectRoot = "";
			targets = (
				A9660F64264180AB006B2097 /* mvvmArc */,
				A9660F992645B309006B2097 /* mvvmArcTests */,
			);
		};
/* End PBXProject section */

/* Begin PBXResourcesBuildPhase section */
		A9660F63264180AB006B2097 /* Resources */ = {
			isa = PBXResourcesBuildPhase;
			buildActionMask = 2147483647;
			files = (
				A9660F75264180AE006B2097 /* LaunchScreen.storyboard in Resources */,
				A9660F72264180AE006B2097 /* Assets.xcassets in Resources */,
			);
			runOnlyForDeploymentPostprocessing = 0;
		};
		A9660F982645B309006B2097 /* Resources */ = {
			isa = PBXResourcesBuildPhase;
			buildActionMask = 2147483647;
			files = (
			);
			runOnlyForDeploymentPostprocessing = 0;
		};
/* End PBXResourcesBuildPhase section */

/* Begin PBXShellScriptBuildPhase section */
		9A6CBE20B4BC9AD42A25289B /* [CP] Check Pods Manifest.lock */ = {
			isa = PBXShellScriptBuildPhase;
			buildActionMask = 2147483647;
			files = (
			);
			inputFileListPaths = (
			);
			inputPaths = (
				"${PODS_PODFILE_DIR_PATH}/Podfile.lock",
				"${PODS_ROOT}/Manifest.lock",
			);
			name = "[CP] Check Pods Manifest.lock";
			outputFileListPaths = (
			);
			outputPaths = (
				"$(DERIVED_FILE_DIR)/Pods-mvvmArcTests-checkManifestLockResult.txt",
			);
			runOnlyForDeploymentPostprocessing = 0;
			shellPath = /bin/sh;
			shellScript = "diff \"${PODS_PODFILE_DIR_PATH}/Podfile.lock\" \"${PODS_ROOT}/Manifest.lock\" > /dev/null\nif [ $? != 0 ] ; then\n    # print error to STDERR\n    echo \"error: The sandbox is not in sync with the Podfile.lock. Run 'pod install' or update your CocoaPods installation.\" >&2\n    exit 1\nfi\n# This output is used by Xcode 'outputs' to avoid re-running this script phase.\necho \"SUCCESS\" > \"${SCRIPT_OUTPUT_FILE_0}\"\n";
			showEnvVarsInLog = 0;
		};
		CDBBA25A62B17F6E9C32B7DF /* [CP] Check Pods Manifest.lock */ = {
			isa = PBXShellScriptBuildPhase;
			buildActionMask = 2147483647;
			files = (
			);
			inputFileListPaths = (
			);
			inputPaths = (
				"${PODS_PODFILE_DIR_PATH}/Podfile.lock",
				"${PODS_ROOT}/Manifest.lock",
			);
			name = "[CP] Check Pods Manifest.lock";
			outputFileListPaths = (
			);
			outputPaths = (
				"$(DERIVED_FILE_DIR)/Pods-mvvmArc-checkManifestLockResult.txt",
			);
			runOnlyForDeploymentPostprocessing = 0;
			shellPath = /bin/sh;
			shellScript = "diff \"${PODS_PODFILE_DIR_PATH}/Podfile.lock\" \"${PODS_ROOT}/Manifest.lock\" > /dev/null\nif [ $? != 0 ] ; then\n    # print error to STDERR\n    echo \"error: The sandbox is not in sync with the Podfile.lock. Run 'pod install' or update your CocoaPods installation.\" >&2\n    exit 1\nfi\n# This output is used by Xcode 'outputs' to avoid re-running this script phase.\necho \"SUCCESS\" > \"${SCRIPT_OUTPUT_FILE_0}\"\n";
			showEnvVarsInLog = 0;
		};
		E8044E5589B19F7C1851EBEA /* [CP] Embed Pods Frameworks */ = {
			isa = PBXShellScriptBuildPhase;
			buildActionMask = 2147483647;
			files = (
			);
			inputFileListPaths = (
				"${PODS_ROOT}/Target Support Files/Pods-mvvmArc/Pods-mvvmArc-frameworks-${CONFIGURATION}-input-files.xcfilelist",
			);
			name = "[CP] Embed Pods Frameworks";
			outputFileListPaths = (
				"${PODS_ROOT}/Target Support Files/Pods-mvvmArc/Pods-mvvmArc-frameworks-${CONFIGURATION}-output-files.xcfilelist",
			);
			runOnlyForDeploymentPostprocessing = 0;
			shellPath = /bin/sh;
			shellScript = "\"${PODS_ROOT}/Target Support Files/Pods-mvvmArc/Pods-mvvmArc-frameworks.sh\"\n";
			showEnvVarsInLog = 0;
		};
/* End PBXShellScriptBuildPhase section */

/* Begin PBXSourcesBuildPhase section */
		A9660F61264180AB006B2097 /* Sources */ = {
			isa = PBXSourcesBuildPhase;
			buildActionMask = 2147483647;
			files = (
				A9660F8F26446058006B2097 /* Coordinator.swift in Sources */,
				A9660F8726441DC5006B2097 /* Observable.swift in Sources */,
				A9660F6D264180AB006B2097 /* AuthenticationViewController.swift in Sources */,
				A96A20A72654526100DA237A /* TextFieldView.swift in Sources */,
				A96A20972652E8E600DA237A /* ButtonView.swift in Sources */,
				A9660F8D26442ACA006B2097 /* AuthenticationViewModel.swift in Sources */,
				A9660F69264180AB006B2097 /* AppDelegate.swift in Sources */,
				A992CACE264F0CC700BE3270 /* AuthenticationView.swift in Sources */,
				A9660F8B264425B5006B2097 /* AuthenticationRepository.swift in Sources */,
				A9660F91264460AD006B2097 /* AuthenticationCoordinator.swift in Sources */,
				A9660F892644258E006B2097 /* AuthenticationUseCase.swift in Sources */,
			);
			runOnlyForDeploymentPostprocessing = 0;
		};
		A9660F962645B309006B2097 /* Sources */ = {
			isa = PBXSourcesBuildPhase;
			buildActionMask = 2147483647;
			files = (
				A9660FAE2645B811006B2097 /* AuthenticationViewModelTests.swift in Sources */,
				A9660F9D2645B309006B2097 /* mvvmArcTests.swift in Sources */,
			);
			runOnlyForDeploymentPostprocessing = 0;
		};
/* End PBXSourcesBuildPhase section */

/* Begin PBXTargetDependency section */
		A9660FA02645B309006B2097 /* PBXTargetDependency */ = {
			isa = PBXTargetDependency;
			target = A9660F64264180AB006B2097 /* mvvmArc */;
			targetProxy = A9660F9F2645B309006B2097 /* PBXContainerItemProxy */;
		};
/* End PBXTargetDependency section */

/* Begin PBXVariantGroup section */
		A9660F73264180AE006B2097 /* LaunchScreen.storyboard */ = {
			isa = PBXVariantGroup;
			children = (
				A9660F74264180AE006B2097 /* Base */,
			);
			name = LaunchScreen.storyboard;
			sourceTree = "<group>";
		};
/* End PBXVariantGroup section */

/* Begin XCBuildConfiguration section */
		A9660F77264180AE006B2097 /* Debug */ = {
			isa = XCBuildConfiguration;
			buildSettings = {
				ALWAYS_SEARCH_USER_PATHS = NO;
				CLANG_ANALYZER_NONNULL = YES;
				CLANG_ANALYZER_NUMBER_OBJECT_CONVERSION = YES_AGGRESSIVE;
				CLANG_CXX_LANGUAGE_STANDARD = "gnu++14";
				CLANG_CXX_LIBRARY = "libc++";
				CLANG_ENABLE_MODULES = YES;
				CLANG_ENABLE_OBJC_ARC = YES;
				CLANG_ENABLE_OBJC_WEAK = YES;
				CLANG_WARN_BLOCK_CAPTURE_AUTORELEASING = YES;
				CLANG_WARN_BOOL_CONVERSION = YES;
				CLANG_WARN_COMMA = YES;
				CLANG_WARN_CONSTANT_CONVERSION = YES;
				CLANG_WARN_DEPRECATED_OBJC_IMPLEMENTATIONS = YES;
				CLANG_WARN_DIRECT_OBJC_ISA_USAGE = YES_ERROR;
				CLANG_WARN_DOCUMENTATION_COMMENTS = YES;
				CLANG_WARN_EMPTY_BODY = YES;
				CLANG_WARN_ENUM_CONVERSION = YES;
				CLANG_WARN_INFINITE_RECURSION = YES;
				CLANG_WARN_INT_CONVERSION = YES;
				CLANG_WARN_NON_LITERAL_NULL_CONVERSION = YES;
				CLANG_WARN_OBJC_IMPLICIT_RETAIN_SELF = YES;
				CLANG_WARN_OBJC_LITERAL_CONVERSION = YES;
				CLANG_WARN_OBJC_ROOT_CLASS = YES_ERROR;
				CLANG_WARN_QUOTED_INCLUDE_IN_FRAMEWORK_HEADER = YES;
				CLANG_WARN_RANGE_LOOP_ANALYSIS = YES;
				CLANG_WARN_STRICT_PROTOTYPES = YES;
				CLANG_WARN_SUSPICIOUS_MOVE = YES;
				CLANG_WARN_UNGUARDED_AVAILABILITY = YES_AGGRESSIVE;
				CLANG_WARN_UNREACHABLE_CODE = YES;
				CLANG_WARN__DUPLICATE_METHOD_MATCH = YES;
				COPY_PHASE_STRIP = NO;
				DEBUG_INFORMATION_FORMAT = dwarf;
				ENABLE_STRICT_OBJC_MSGSEND = YES;
				ENABLE_TESTABILITY = YES;
				GCC_C_LANGUAGE_STANDARD = gnu11;
				GCC_DYNAMIC_NO_PIC = NO;
				GCC_NO_COMMON_BLOCKS = YES;
				GCC_OPTIMIZATION_LEVEL = 0;
				GCC_PREPROCESSOR_DEFINITIONS = (
					"DEBUG=1",
					"$(inherited)",
				);
				GCC_WARN_64_TO_32_BIT_CONVERSION = YES;
				GCC_WARN_ABOUT_RETURN_TYPE = YES_ERROR;
				GCC_WARN_UNDECLARED_SELECTOR = YES;
				GCC_WARN_UNINITIALIZED_AUTOS = YES_AGGRESSIVE;
				GCC_WARN_UNUSED_FUNCTION = YES;
				GCC_WARN_UNUSED_VARIABLE = YES;
				IPHONEOS_DEPLOYMENT_TARGET = 14.5;
				MTL_ENABLE_DEBUG_INFO = INCLUDE_SOURCE;
				MTL_FAST_MATH = YES;
				ONLY_ACTIVE_ARCH = YES;
				SDKROOT = iphoneos;
				SWIFT_ACTIVE_COMPILATION_CONDITIONS = DEBUG;
				SWIFT_OPTIMIZATION_LEVEL = "-Onone";
			};
			name = Debug;
		};
		A9660F78264180AE006B2097 /* Release */ = {
			isa = XCBuildConfiguration;
			buildSettings = {
				ALWAYS_SEARCH_USER_PATHS = NO;
				CLANG_ANALYZER_NONNULL = YES;
				CLANG_ANALYZER_NUMBER_OBJECT_CONVERSION = YES_AGGRESSIVE;
				CLANG_CXX_LANGUAGE_STANDARD = "gnu++14";
				CLANG_CXX_LIBRARY = "libc++";
				CLANG_ENABLE_MODULES = YES;
				CLANG_ENABLE_OBJC_ARC = YES;
				CLANG_ENABLE_OBJC_WEAK = YES;
				CLANG_WARN_BLOCK_CAPTURE_AUTORELEASING = YES;
				CLANG_WARN_BOOL_CONVERSION = YES;
				CLANG_WARN_COMMA = YES;
				CLANG_WARN_CONSTANT_CONVERSION = YES;
				CLANG_WARN_DEPRECATED_OBJC_IMPLEMENTATIONS = YES;
				CLANG_WARN_DIRECT_OBJC_ISA_USAGE = YES_ERROR;
				CLANG_WARN_DOCUMENTATION_COMMENTS = YES;
				CLANG_WARN_EMPTY_BODY = YES;
				CLANG_WARN_ENUM_CONVERSION = YES;
				CLANG_WARN_INFINITE_RECURSION = YES;
				CLANG_WARN_INT_CONVERSION = YES;
				CLANG_WARN_NON_LITERAL_NULL_CONVERSION = YES;
				CLANG_WARN_OBJC_IMPLICIT_RETAIN_SELF = YES;
				CLANG_WARN_OBJC_LITERAL_CONVERSION = YES;
				CLANG_WARN_OBJC_ROOT_CLASS = YES_ERROR;
				CLANG_WARN_QUOTED_INCLUDE_IN_FRAMEWORK_HEADER = YES;
				CLANG_WARN_RANGE_LOOP_ANALYSIS = YES;
				CLANG_WARN_STRICT_PROTOTYPES = YES;
				CLANG_WARN_SUSPICIOUS_MOVE = YES;
				CLANG_WARN_UNGUARDED_AVAILABILITY = YES_AGGRESSIVE;
				CLANG_WARN_UNREACHABLE_CODE = YES;
				CLANG_WARN__DUPLICATE_METHOD_MATCH = YES;
				COPY_PHASE_STRIP = NO;
				DEBUG_INFORMATION_FORMAT = "dwarf-with-dsym";
				ENABLE_NS_ASSERTIONS = NO;
				ENABLE_STRICT_OBJC_MSGSEND = YES;
				GCC_C_LANGUAGE_STANDARD = gnu11;
				GCC_NO_COMMON_BLOCKS = YES;
				GCC_WARN_64_TO_32_BIT_CONVERSION = YES;
				GCC_WARN_ABOUT_RETURN_TYPE = YES_ERROR;
				GCC_WARN_UNDECLARED_SELECTOR = YES;
				GCC_WARN_UNINITIALIZED_AUTOS = YES_AGGRESSIVE;
				GCC_WARN_UNUSED_FUNCTION = YES;
				GCC_WARN_UNUSED_VARIABLE = YES;
				IPHONEOS_DEPLOYMENT_TARGET = 14.5;
				MTL_ENABLE_DEBUG_INFO = NO;
				MTL_FAST_MATH = YES;
				SDKROOT = iphoneos;
				SWIFT_COMPILATION_MODE = wholemodule;
				SWIFT_OPTIMIZATION_LEVEL = "-O";
				VALIDATE_PRODUCT = YES;
			};
			name = Release;
		};
		A9660F7A264180AE006B2097 /* Debug */ = {
			isa = XCBuildConfiguration;
			baseConfigurationReference = EB58A4D700CFA70CBB866218 /* Pods-mvvmArc.debug.xcconfig */;
			buildSettings = {
				ASSETCATALOG_COMPILER_APPICON_NAME = AppIcon;
				ASSETCATALOG_COMPILER_GLOBAL_ACCENT_COLOR_NAME = AccentColor;
				CODE_SIGN_STYLE = Automatic;
				INFOPLIST_FILE = mvvmArc/Info.plist;
				LD_RUNPATH_SEARCH_PATHS = (
					"$(inherited)",
					"@executable_path/Frameworks",
				);
				PRODUCT_BUNDLE_IDENTIFIER = zup.mvvmArc;
				PRODUCT_NAME = "$(TARGET_NAME)";
				SWIFT_VERSION = 5.0;
				TARGETED_DEVICE_FAMILY = "1,2";
			};
			name = Debug;
		};
		A9660F7B264180AE006B2097 /* Release */ = {
			isa = XCBuildConfiguration;
			baseConfigurationReference = 4B387A8616BB38E24E24BF4D /* Pods-mvvmArc.release.xcconfig */;
			buildSettings = {
				ASSETCATALOG_COMPILER_APPICON_NAME = AppIcon;
				ASSETCATALOG_COMPILER_GLOBAL_ACCENT_COLOR_NAME = AccentColor;
				CODE_SIGN_STYLE = Automatic;
				INFOPLIST_FILE = mvvmArc/Info.plist;
				LD_RUNPATH_SEARCH_PATHS = (
					"$(inherited)",
					"@executable_path/Frameworks",
				);
				PRODUCT_BUNDLE_IDENTIFIER = zup.mvvmArc;
				PRODUCT_NAME = "$(TARGET_NAME)";
				SWIFT_VERSION = 5.0;
				TARGETED_DEVICE_FAMILY = "1,2";
			};
			name = Release;
		};
		A9660FA22645B309006B2097 /* Debug */ = {
			isa = XCBuildConfiguration;
			baseConfigurationReference = 147FB88A334982A15C00B5EB /* Pods-mvvmArcTests.debug.xcconfig */;
			buildSettings = {
				BUNDLE_LOADER = "$(TEST_HOST)";
				CODE_SIGN_STYLE = Automatic;
				INFOPLIST_FILE = mvvmArcTests/Info.plist;
				LD_RUNPATH_SEARCH_PATHS = (
					"$(inherited)",
					"@executable_path/Frameworks",
					"@loader_path/Frameworks",
				);
				PRODUCT_BUNDLE_IDENTIFIER = zup.mvvmArcTests;
				PRODUCT_NAME = "$(TARGET_NAME)";
				SWIFT_VERSION = 5.0;
				TARGETED_DEVICE_FAMILY = "1,2";
				TEST_HOST = "$(BUILT_PRODUCTS_DIR)/mvvmArc.app/mvvmArc";
			};
			name = Debug;
		};
		A9660FA32645B309006B2097 /* Release */ = {
			isa = XCBuildConfiguration;
			baseConfigurationReference = 73F5B3614F7DD74D053F8AD3 /* Pods-mvvmArcTests.release.xcconfig */;
			buildSettings = {
				BUNDLE_LOADER = "$(TEST_HOST)";
				CODE_SIGN_STYLE = Automatic;
				INFOPLIST_FILE = mvvmArcTests/Info.plist;
				LD_RUNPATH_SEARCH_PATHS = (
					"$(inherited)",
					"@executable_path/Frameworks",
					"@loader_path/Frameworks",
				);
				PRODUCT_BUNDLE_IDENTIFIER = zup.mvvmArcTests;
				PRODUCT_NAME = "$(TARGET_NAME)";
				SWIFT_VERSION = 5.0;
				TARGETED_DEVICE_FAMILY = "1,2";
				TEST_HOST = "$(BUILT_PRODUCTS_DIR)/mvvmArc.app/mvvmArc";
			};
			name = Release;
		};
/* End XCBuildConfiguration section */

/* Begin XCConfigurationList section */
		A9660F60264180AB006B2097 /* Build configuration list for PBXProject "mvvmArc" */ = {
			isa = XCConfigurationList;
			buildConfigurations = (
				A9660F77264180AE006B2097 /* Debug */,
				A9660F78264180AE006B2097 /* Release */,
			);
			defaultConfigurationIsVisible = 0;
			defaultConfigurationName = Release;
		};
		A9660F79264180AE006B2097 /* Build configuration list for PBXNativeTarget "mvvmArc" */ = {
			isa = XCConfigurationList;
			buildConfigurations = (
				A9660F7A264180AE006B2097 /* Debug */,
				A9660F7B264180AE006B2097 /* Release */,
			);
			defaultConfigurationIsVisible = 0;
			defaultConfigurationName = Release;
		};
		A9660FA12645B309006B2097 /* Build configuration list for PBXNativeTarget "mvvmArcTests" */ = {
			isa = XCConfigurationList;
			buildConfigurations = (
				A9660FA22645B309006B2097 /* Debug */,
				A9660FA32645B309006B2097 /* Release */,
			);
			defaultConfigurationIsVisible = 0;
			defaultConfigurationName = Release;
		};
/* End XCConfigurationList section */
	};
	rootObject = A9660F5D264180AB006B2097 /* Project object */;
}
